
Microsoft Visual Studio Solution File, Format Version 12.00
# Visual Studio Version 17
VisualStudioVersion = 17.14.37012.4 d17.14
MinimumVisualStudioVersion = 10.0.40219.1
Project("{FAE04EC0-301F-11D3-BF4B-00C04F79EFBC}") = "NoobProject", "NoobProject.csproj", "{AEC79AA0-23E5-4671-ACAF-82BD5E16636E}"
EndProject
Global
	GlobalSection(SolutionConfigurationPlatforms) = preSolution
		Debug|Any CPU = Debug|Any CPU
		Release|Any CPU = Release|Any CPU
	EndGlobalSection
	GlobalSection(ProjectConfigurationPlatforms) = postSolution
		{AEC79AA0-23E5-4671-ACAF-82BD5E16636E}.Debug|Any CPU.ActiveCfg = Debug|Any CPU
		{AEC79AA0-23E5-4671-ACAF-82BD5E16636E}.Debug|Any CPU.Build.0 = Debug|Any CPU
		{AEC79AA0-23E5-4671-ACAF-82BD5E16636E}.Release|Any CPU.ActiveCfg = Release|Any CPU
		{AEC79AA0-23E5-4671-ACAF-82BD5E16636E}.Release|Any CPU.Build.0 = Release|Any CPU
	EndGlobalSection
	GlobalSection(SolutionProperties) = preSolution
		HideSolutionNode = FALSE
	EndGlobalSection
	GlobalSection(ExtensibilityGlobals) = postSolution
		SolutionGuid = {606D37AF-1EFD-4BB7-B0B3-096EBDAC6471}
	EndGlobalSection
EndGlobal
